
Microsoft Visual Studio Solution File, Format Version 12.00
# Visual Studio Version 16
VisualStudioVersion = 16.0.29728.190
MinimumVisualStudioVersion = 10.0.40219.1
Project("{FAE04EC0-301F-11D3-BF4B-00C04F79EFBC}") = "GameTradeTopia", "GameTradeTopia.csproj", "{167D2FB0-6037-4D4D-B566-74E36BA9CF70}"
EndProject
Global
	GlobalSection(SolutionConfigurationPlatforms) = preSolution
		Debug|Any CPU = Debug|Any CPU
		Release|Any CPU = Release|Any CPU
	EndGlobalSection
	GlobalSection(ProjectConfigurationPlatforms) = postSolution
		{167D2FB0-6037-4D4D-B566-74E36BA9CF70}.Debug|Any CPU.ActiveCfg = Debug|Any CPU
		{167D2FB0-6037-4D4D-B566-74E36BA9CF70}.Debug|Any CPU.Build.0 = Debug|Any CPU
		{167D2FB0-6037-4D4D-B566-74E36BA9CF70}.Release|Any CPU.ActiveCfg = Release|Any CPU
		{167D2FB0-6037-4D4D-B566-74E36BA9CF70}.Release|Any CPU.Build.0 = Release|Any CPU
	EndGlobalSection
	GlobalSection(SolutionProperties) = preSolution
		HideSolutionNode = FALSE
	EndGlobalSection
	GlobalSection(ExtensibilityGlobals) = postSolution
		SolutionGuid = {B27B20FA-2284-49EC-BE36-130735996DD1}
	EndGlobalSection
EndGlobal
